
Microsoft Visual Studio Solution File, Format Version 12.00
# Visual Studio Version 17
VisualStudioVersion = 17.1.32210.238
MinimumVisualStudioVersion = 10.0.40219.1
Project("{FAE04EC0-301F-11D3-BF4B-00C04F79EFBC}") = "Class3", "Class3\Class3.csproj", "{43624EDB-09A1-4F87-83A6-EC579C5B94F8}"
EndProject
Global
	GlobalSection(SolutionConfigurationPlatforms) = preSolution
		Debug|Any CPU = Debug|Any CPU
		Release|Any CPU = Release|Any CPU
	EndGlobalSection
	GlobalSection(ProjectConfigurationPlatforms) = postSolution
		{43624EDB-09A1-4F87-83A6-EC579C5B94F8}.Debug|Any CPU.ActiveCfg = Debug|Any CPU
		{43624EDB-09A1-4F87-83A6-EC579C5B94F8}.Debug|Any CPU.Build.0 = Debug|Any CPU
		{43624EDB-09A1-4F87-83A6-EC579C5B94F8}.Release|Any CPU.ActiveCfg = Release|Any CPU
		{43624EDB-09A1-4F87-83A6-EC579C5B94F8}.Release|Any CPU.Build.0 = Release|Any CPU
	EndGlobalSection
	GlobalSection(SolutionProperties) = preSolution
		HideSolutionNode = FALSE
	EndGlobalSection
	GlobalSection(ExtensibilityGlobals) = postSolution
		SolutionGuid = {A9A5AB61-4554-41A3-BDEE-49DEE1991142}
	EndGlobalSection
EndGlobal
