
Microsoft Visual Studio Solution File, Format Version 12.00
# Visual Studio Version 17
VisualStudioVersion = 17.1.32210.238
MinimumVisualStudioVersion = 10.0.40219.1
Project("{FAE04EC0-301F-11D3-BF4B-00C04F79EFBC}") = "Class1", "Class1\Class1.csproj", "{0DB30FB2-024B-4049-A6B6-DAC526C0863A}"
EndProject
Global
	GlobalSection(SolutionConfigurationPlatforms) = preSolution
		Debug|Any CPU = Debug|Any CPU
		Release|Any CPU = Release|Any CPU
	EndGlobalSection
	GlobalSection(ProjectConfigurationPlatforms) = postSolution
		{0DB30FB2-024B-4049-A6B6-DAC526C0863A}.Debug|Any CPU.ActiveCfg = Debug|Any CPU
		{0DB30FB2-024B-4049-A6B6-DAC526C0863A}.Debug|Any CPU.Build.0 = Debug|Any CPU
		{0DB30FB2-024B-4049-A6B6-DAC526C0863A}.Release|Any CPU.ActiveCfg = Release|Any CPU
		{0DB30FB2-024B-4049-A6B6-DAC526C0863A}.Release|Any CPU.Build.0 = Release|Any CPU
	EndGlobalSection
	GlobalSection(SolutionProperties) = preSolution
		HideSolutionNode = FALSE
	EndGlobalSection
	GlobalSection(ExtensibilityGlobals) = postSolution
		SolutionGuid = {8A3E795B-CD9A-4A6A-81B5-4BB584B7FEF4}
	EndGlobalSection
EndGlobal
