
Microsoft Visual Studio Solution File, Format Version 12.00
# Visual Studio Version 17
VisualStudioVersion = 17.1.32210.238
MinimumVisualStudioVersion = 10.0.40219.1
Project("{FAE04EC0-301F-11D3-BF4B-00C04F79EFBC}") = "Class08", "Class08\Class08.csproj", "{FF66E784-91BC-4E21-A14B-FF2B23D11577}"
EndProject
Global
	GlobalSection(SolutionConfigurationPlatforms) = preSolution
		Debug|Any CPU = Debug|Any CPU
		Release|Any CPU = Release|Any CPU
	EndGlobalSection
	GlobalSection(ProjectConfigurationPlatforms) = postSolution
		{FF66E784-91BC-4E21-A14B-FF2B23D11577}.Debug|Any CPU.ActiveCfg = Debug|Any CPU
		{FF66E784-91BC-4E21-A14B-FF2B23D11577}.Debug|Any CPU.Build.0 = Debug|Any CPU
		{FF66E784-91BC-4E21-A14B-FF2B23D11577}.Release|Any CPU.ActiveCfg = Release|Any CPU
		{FF66E784-91BC-4E21-A14B-FF2B23D11577}.Release|Any CPU.Build.0 = Release|Any CPU
	EndGlobalSection
	GlobalSection(SolutionProperties) = preSolution
		HideSolutionNode = FALSE
	EndGlobalSection
	GlobalSection(ExtensibilityGlobals) = postSolution
		SolutionGuid = {61EAE064-DCC7-45F9-B003-3BB96EE49063}
	EndGlobalSection
EndGlobal
