
Microsoft Visual Studio Solution File, Format Version 12.00
# Visual Studio Version 17
VisualStudioVersion = 17.1.32210.238
MinimumVisualStudioVersion = 10.0.40219.1
Project("{FAE04EC0-301F-11D3-BF4B-00C04F79EFBC}") = "Class26Demo", "Class26Demo\Class26Demo.csproj", "{E29FF581-DD64-45B2-88F0-6A0C541C523B}"
EndProject
Global
	GlobalSection(SolutionConfigurationPlatforms) = preSolution
		Debug|Any CPU = Debug|Any CPU
		Release|Any CPU = Release|Any CPU
	EndGlobalSection
	GlobalSection(ProjectConfigurationPlatforms) = postSolution
		{E29FF581-DD64-45B2-88F0-6A0C541C523B}.Debug|Any CPU.ActiveCfg = Debug|Any CPU
		{E29FF581-DD64-45B2-88F0-6A0C541C523B}.Debug|Any CPU.Build.0 = Debug|Any CPU
		{E29FF581-DD64-45B2-88F0-6A0C541C523B}.Release|Any CPU.ActiveCfg = Release|Any CPU
		{E29FF581-DD64-45B2-88F0-6A0C541C523B}.Release|Any CPU.Build.0 = Release|Any CPU
	EndGlobalSection
	GlobalSection(SolutionProperties) = preSolution
		HideSolutionNode = FALSE
	EndGlobalSection
	GlobalSection(ExtensibilityGlobals) = postSolution
		SolutionGuid = {BF3CD2FF-AD25-4D10-B927-0431107296FC}
	EndGlobalSection
EndGlobal
