
Microsoft Visual Studio Solution File, Format Version 12.00
# Visual Studio Version 17
VisualStudioVersion = 17.1.32414.318
MinimumVisualStudioVersion = 10.0.40219.1
Project("{9A19103F-16F7-4668-BE54-9A1E7A4F7556}") = "SchoolDemo", "SchoolDemo\SchoolDemo.csproj", "{7C28D96C-ADF9-460B-9040-480737B3243F}"
EndProject
Project("{FAE04EC0-301F-11D3-BF4B-00C04F79EFBC}") = "SchoolDemoTests", "SchoolDemoTests\SchoolDemoTests.csproj", "{CAB19812-F8AA-4CC1-8FE6-728C431F0D04}"
EndProject
Global
	GlobalSection(SolutionConfigurationPlatforms) = preSolution
		Debug|Any CPU = Debug|Any CPU
		Release|Any CPU = Release|Any CPU
	EndGlobalSection
	GlobalSection(ProjectConfigurationPlatforms) = postSolution
		{7C28D96C-ADF9-460B-9040-480737B3243F}.Debug|Any CPU.ActiveCfg = Debug|Any CPU
		{7C28D96C-ADF9-460B-9040-480737B3243F}.Debug|Any CPU.Build.0 = Debug|Any CPU
		{7C28D96C-ADF9-460B-9040-480737B3243F}.Release|Any CPU.ActiveCfg = Release|Any CPU
		{7C28D96C-ADF9-460B-9040-480737B3243F}.Release|Any CPU.Build.0 = Release|Any CPU
		{CAB19812-F8AA-4CC1-8FE6-728C431F0D04}.Debug|Any CPU.ActiveCfg = Debug|Any CPU
		{CAB19812-F8AA-4CC1-8FE6-728C431F0D04}.Debug|Any CPU.Build.0 = Debug|Any CPU
		{CAB19812-F8AA-4CC1-8FE6-728C431F0D04}.Release|Any CPU.ActiveCfg = Release|Any CPU
		{CAB19812-F8AA-4CC1-8FE6-728C431F0D04}.Release|Any CPU.Build.0 = Release|Any CPU
	EndGlobalSection
	GlobalSection(SolutionProperties) = preSolution
		HideSolutionNode = FALSE
	EndGlobalSection
	GlobalSection(ExtensibilityGlobals) = postSolution
		SolutionGuid = {E5572BE7-74B4-4EF1-A65F-9392AE8FE106}
	EndGlobalSection
EndGlobal
